PODS:
  - FaveButton (3.2.0)
  - Kingfisher (5.7.1)
  - SKPhotoBrowser (6.1.0)
  - YoutubePlayer-in-WKWebView (0.3.1)

DEPENDENCIES:
  - FaveButton
  - Kingfisher
  - SKPhotoBrowser
  - YoutubePlayer-in-WKWebView

SPEC REPOS:
  trunk:
    - FaveButton
    - Kingfisher
    - SKPhotoBrowser
    - YoutubePlayer-in-WKWebView

SPEC CHECKSUMS:
  FaveButton: c818ab3d04d22a7615e93f08c7b35932acb3f735
  Kingfisher: 176d377ad339113c99ad4980cbae687f807e20fe
  SKPhotoBrowser: 343de95d89dc7913763c5dda243cc6e606e4a168
  YoutubePlayer-in-WKWebView: 86f6b4c04797296071585b92724f3904d0273f12

PODFILE CHECKSUM: 2a224ccfb58a4325d226cbe4e9f7170d6032d159

COCOAPODS: 1.8.3
